
Microsoft Visual Studio Solution File, Format Version 12.00
# Visual Studio Version 17
VisualStudioVersion = 17.1.32414.318
MinimumVisualStudioVersion = 10.0.40219.1
Project("{2150E333-8FDC-42A3-9474-1A3956D46DE8}") = "src", "src", "{5E19F072-BED0-4507-8BB5-93D83AE57ADD}"
EndProject
Project("{2150E333-8FDC-42A3-9474-1A3956D46DE8}") = "Api", "Api", "{38C7CF0C-4822-4CD6-BD33-135E44749DD2}"
EndProject
Project("{2150E333-8FDC-42A3-9474-1A3956D46DE8}") = "Clients", "Clients", "{7E5BEB2F-3C30-4723-A489-19FE61A57052}"
EndProject
Project("{2150E333-8FDC-42A3-9474-1A3956D46DE8}") = "Common", "Common", "{9FC1ECBD-D758-4A34-9846-39CDCA2EF24B}"
EndProject
Project("{2150E333-8FDC-42A3-9474-1A3956D46DE8}") = "Projections", "Projections", "{FFE919C2-CC92-43AA-ABFB-37C765D58BD4}"
EndProject
Project("{2150E333-8FDC-42A3-9474-1A3956D46DE8}") = "Core", "Core", "{4CDBDCAE-1782-4EB8-9E64-FEF28E6C6018}"
EndProject
Project("{2150E333-8FDC-42A3-9474-1A3956D46DE8}") = "Infrastructure", "Infrastructure", "{520B077A-0E8D-403D-ADB2-20C4D54FB043}"
EndProject
Project("{2150E333-8FDC-42A3-9474-1A3956D46DE8}") = "WebApi", "WebApi", "{F54D40FF-5FEF-4631-9400-77130ED5DFFA}"
EndProject
Project("{2150E333-8FDC-42A3-9474-1A3956D46DE8}") = "BlazorWeb", "BlazorWeb", "{31B6E21F-6CE5-47ED-AD86-99755F64728E}"
EndProject
Project("{FAE04EC0-301F-11D3-BF4B-00C04F79EFBC}") = "BlazorSozluk.Common", "src\Common\BlazorSozluk.Common\BlazorSozluk.Common.csproj", "{80E25596-4AC3-493F-98AB-638E03C0B5F3}"
EndProject
Project("{FAE04EC0-301F-11D3-BF4B-00C04F79EFBC}") = "BlazorSozluk.Api.Domain", "src\Api\Core\BlazorSozluk.Api.Domain\BlazorSozluk.Api.Domain.csproj", "{2944A44E-DC2A-4362-BF40-36AF73DE3A58}"
EndProject
Project("{FAE04EC0-301F-11D3-BF4B-00C04F79EFBC}") = "BlazorSozluk.Api.Application", "src\Api\Core\BlazorSozluk.Api.Application\BlazorSozluk.Api.Application.csproj", "{F083951F-2089-4259-BCD4-6980F4F4FF9F}"
EndProject
Project("{FAE04EC0-301F-11D3-BF4B-00C04F79EFBC}") = "BlazorSozluk.Infrastructure.Persistence", "src\Api\Infrastructure\BlazorSozluk.Infrastructure.Persistence\BlazorSozluk.Infrastructure.Persistence.csproj", "{75A48340-F3E7-4950-BE86-9F2C89890654}"
EndProject
Project("{FAE04EC0-301F-11D3-BF4B-00C04F79EFBC}") = "BlazorSozluk.Api.WebApi", "src\Api\WebApi\BlazorSozluk.Api.WebApi\BlazorSozluk.Api.WebApi.csproj", "{DAD859DC-91F1-49FF-9CF1-39853B127BAE}"
EndProject
Project("{FAE04EC0-301F-11D3-BF4B-00C04F79EFBC}") = "BlazorSozluk.Projections.FavoriteService", "src\Projections\BlazorSozluk.Projections.FavoriteService\BlazorSozluk.Projections.FavoriteService.csproj", "{C2E14592-6184-4652-B2BD-59CC7C2DDB25}"
EndProject
Project("{FAE04EC0-301F-11D3-BF4B-00C04F79EFBC}") = "BlazorSozluk.Projections.UserService", "src\Projections\BlazorSozluk.Projections.User\BlazorSozluk.Projections.UserService.csproj", "{F23373C3-C04A-4C98-AA35-33EC9442F544}"
EndProject
Project("{FAE04EC0-301F-11D3-BF4B-00C04F79EFBC}") = "BlazorSozluk.Projections.VoteService", "src\Projections\BlazorSozluk.Projections.VoteService\BlazorSozluk.Projections.VoteService.csproj", "{F908A023-5AEA-4E11-95DA-3958350CE7CF}"
EndProject
Project("{FAE04EC0-301F-11D3-BF4B-00C04F79EFBC}") = "BlazorSozluk.WebApp", "src\Clients\BlazorWeb\BlazorSozluk.WebApp\BlazorSozluk.WebApp.csproj", "{87AF42F6-C514-482E-8AA3-0B40559A3FC4}"
EndProject
Global
	GlobalSection(SolutionConfigurationPlatforms) = preSolution
		Debug|Any CPU = Debug|Any CPU
		Release|Any CPU = Release|Any CPU
	EndGlobalSection
	GlobalSection(ProjectConfigurationPlatforms) = postSolution
		{80E25596-4AC3-493F-98AB-638E03C0B5F3}.Debug|Any CPU.ActiveCfg = Debug|Any CPU
		{80E25596-4AC3-493F-98AB-638E03C0B5F3}.Debug|Any CPU.Build.0 = Debug|Any CPU
		{80E25596-4AC3-493F-98AB-638E03C0B5F3}.Release|Any CPU.ActiveCfg = Release|Any CPU
		{80E25596-4AC3-493F-98AB-638E03C0B5F3}.Release|Any CPU.Build.0 = Release|Any CPU
		{2944A44E-DC2A-4362-BF40-36AF73DE3A58}.Debug|Any CPU.ActiveCfg = Debug|Any CPU
		{2944A44E-DC2A-4362-BF40-36AF73DE3A58}.Debug|Any CPU.Build.0 = Debug|Any CPU
		{2944A44E-DC2A-4362-BF40-36AF73DE3A58}.Release|Any CPU.ActiveCfg = Release|Any CPU
		{2944A44E-DC2A-4362-BF40-36AF73DE3A58}.Release|Any CPU.Build.0 = Release|Any CPU
		{F083951F-2089-4259-BCD4-6980F4F4FF9F}.Debug|Any CPU.ActiveCfg = Debug|Any CPU
		{F083951F-2089-4259-BCD4-6980F4F4FF9F}.Debug|Any CPU.Build.0 = Debug|Any CPU
		{F083951F-2089-4259-BCD4-6980F4F4FF9F}.Release|Any CPU.ActiveCfg = Release|Any CPU
		{F083951F-2089-4259-BCD4-6980F4F4FF9F}.Release|Any CPU.Build.0 = Release|Any CPU
		{75A48340-F3E7-4950-BE86-9F2C89890654}.Debug|Any CPU.ActiveCfg = Debug|Any CPU
		{75A48340-F3E7-4950-BE86-9F2C89890654}.Debug|Any CPU.Build.0 = Debug|Any CPU
		{75A48340-F3E7-4950-BE86-9F2C89890654}.Release|Any CPU.ActiveCfg = Release|Any CPU
		{75A48340-F3E7-4950-BE86-9F2C89890654}.Release|Any CPU.Build.0 = Release|Any CPU
		{DAD859DC-91F1-49FF-9CF1-39853B127BAE}.Debug|Any CPU.ActiveCfg = Debug|Any CPU
		{DAD859DC-91F1-49FF-9CF1-39853B127BAE}.Debug|Any CPU.Build.0 = Debug|Any CPU
		{DAD859DC-91F1-49FF-9CF1-39853B127BAE}.Release|Any CPU.ActiveCfg = Release|Any CPU
		{DAD859DC-91F1-49FF-9CF1-39853B127BAE}.Release|Any CPU.Build.0 = Release|Any CPU
		{C2E14592-6184-4652-B2BD-59CC7C2DDB25}.Debug|Any CPU.ActiveCfg = Debug|Any CPU
		{C2E14592-6184-4652-B2BD-59CC7C2DDB25}.Debug|Any CPU.Build.0 = Debug|Any CPU
		{C2E14592-6184-4652-B2BD-59CC7C2DDB25}.Release|Any CPU.ActiveCfg = Release|Any CPU
		{C2E14592-6184-4652-B2BD-59CC7C2DDB25}.Release|Any CPU.Build.0 = Release|Any CPU
		{F23373C3-C04A-4C98-AA35-33EC9442F544}.Debug|Any CPU.ActiveCfg = Debug|Any CPU
		{F23373C3-C04A-4C98-AA35-33EC9442F544}.Debug|Any CPU.Build.0 = Debug|Any CPU
		{F23373C3-C04A-4C98-AA35-33EC9442F544}.Release|Any CPU.ActiveCfg = Release|Any CPU
		{F23373C3-C04A-4C98-AA35-33EC9442F544}.Release|Any CPU.Build.0 = Release|Any CPU
		{F908A023-5AEA-4E11-95DA-3958350CE7CF}.Debug|Any CPU.ActiveCfg = Debug|Any CPU
		{F908A023-5AEA-4E11-95DA-3958350CE7CF}.Debug|Any CPU.Build.0 = Debug|Any CPU
		{F908A023-5AEA-4E11-95DA-3958350CE7CF}.Release|Any CPU.ActiveCfg = Release|Any CPU
		{F908A023-5AEA-4E11-95DA-3958350CE7CF}.Release|Any CPU.Build.0 = Release|Any CPU
		{87AF42F6-C514-482E-8AA3-0B40559A3FC4}.Debug|Any CPU.ActiveCfg = Debug|Any CPU
		{87AF42F6-C514-482E-8AA3-0B40559A3FC4}.Debug|Any CPU.Build.0 = Debug|Any CPU
		{87AF42F6-C514-482E-8AA3-0B40559A3FC4}.Release|Any CPU.ActiveCfg = Release|Any CPU
		{87AF42F6-C514-482E-8AA3-0B40559A3FC4}.Release|Any CPU.Build.0 = Release|Any CPU
	EndGlobalSection
	GlobalSection(SolutionProperties) = preSolution
		HideSolutionNode = FALSE
	EndGlobalSection
	GlobalSection(NestedProjects) = preSolution
		{38C7CF0C-4822-4CD6-BD33-135E44749DD2} = {5E19F072-BED0-4507-8BB5-93D83AE57ADD}
		{7E5BEB2F-3C30-4723-A489-19FE61A57052} = {5E19F072-BED0-4507-8BB5-93D83AE57ADD}
		{9FC1ECBD-D758-4A34-9846-39CDCA2EF24B} = {5E19F072-BED0-4507-8BB5-93D83AE57ADD}
		{FFE919C2-CC92-43AA-ABFB-37C765D58BD4} = {5E19F072-BED0-4507-8BB5-93D83AE57ADD}
		{4CDBDCAE-1782-4EB8-9E64-FEF28E6C6018} = {38C7CF0C-4822-4CD6-BD33-135E44749DD2}
		{520B077A-0E8D-403D-ADB2-20C4D54FB043} = {38C7CF0C-4822-4CD6-BD33-135E44749DD2}
		{F54D40FF-5FEF-4631-9400-77130ED5DFFA} = {38C7CF0C-4822-4CD6-BD33-135E44749DD2}
		{31B6E21F-6CE5-47ED-AD86-99755F64728E} = {7E5BEB2F-3C30-4723-A489-19FE61A57052}
		{80E25596-4AC3-493F-98AB-638E03C0B5F3} = {9FC1ECBD-D758-4A34-9846-39CDCA2EF24B}
		{2944A44E-DC2A-4362-BF40-36AF73DE3A58} = {4CDBDCAE-1782-4EB8-9E64-FEF28E6C6018}
		{F083951F-2089-4259-BCD4-6980F4F4FF9F} = {4CDBDCAE-1782-4EB8-9E64-FEF28E6C6018}
		{75A48340-F3E7-4950-BE86-9F2C89890654} = {520B077A-0E8D-403D-ADB2-20C4D54FB043}
		{DAD859DC-91F1-49FF-9CF1-39853B127BAE} = {F54D40FF-5FEF-4631-9400-77130ED5DFFA}
		{C2E14592-6184-4652-B2BD-59CC7C2DDB25} = {FFE919C2-CC92-43AA-ABFB-37C765D58BD4}
		{F23373C3-C04A-4C98-AA35-33EC9442F544} = {FFE919C2-CC92-43AA-ABFB-37C765D58BD4}
		{F908A023-5AEA-4E11-95DA-3958350CE7CF} = {FFE919C2-CC92-43AA-ABFB-37C765D58BD4}
		{87AF42F6-C514-482E-8AA3-0B40559A3FC4} = {31B6E21F-6CE5-47ED-AD86-99755F64728E}
	EndGlobalSection
	GlobalSection(ExtensibilityGlobals) = postSolution
		SolutionGuid = {6E1BC982-05B0-42EF-B6CA-6A02E649B8E8}
	EndGlobalSection
EndGlobal
